
Microsoft Visual Studio Solution File, Format Version 12.00
# Visual Studio 14
VisualStudioVersion = 14.0.25420.1
MinimumVisualStudioVersion = 10.0.40219.1
Project("{FAE04EC0-301F-11D3-BF4B-00C04F79EFBC}") = "CSharpLevel1Lesson1Task1", "CSharpLevel1Lesson1Task1\CSharpLevel1Lesson1Task1.csproj", "{9BF8375B-8AFA-4ABB-BCBB-C1D47444B348}"
EndProject
Project("{FAE04EC0-301F-11D3-BF4B-00C04F79EFBC}") = "CSharpLevel1Lesson1Task2", "CSharpLevel1Lesson1Task2\CSharpLevel1Lesson1Task2.csproj", "{048741C1-810B-416C-9B8E-9887B196145F}"
EndProject
Project("{FAE04EC0-301F-11D3-BF4B-00C04F79EFBC}") = "CSharpLevel1Lesson1Task3", "CSharpLevel1Lesson1Task3\CSharpLevel1Lesson1Task3.csproj", "{10AC7CE6-19E9-4AF4-ADB4-9254A998EA89}"
EndProject
Project("{FAE04EC0-301F-11D3-BF4B-00C04F79EFBC}") = "CSharpLevel1Lesson1Task4", "CSharpLevel1Lesson1Task4\CSharpLevel1Lesson1Task4.csproj", "{0D9B2412-0F46-4C75-A59B-2C6041BAB645}"
EndProject
Project("{FAE04EC0-301F-11D3-BF4B-00C04F79EFBC}") = "CSharpLevel1Lesson1Task5", "CSharpLevel1Lesson1Task5\CSharpLevel1Lesson1Task5.csproj", "{15DBBF23-B1BB-48B7-B9CA-6F6872955E96}"
EndProject
Project("{FAE04EC0-301F-11D3-BF4B-00C04F79EFBC}") = "CSharpLevel1Lesson1Task6", "CSharpLevel1Lesson1Task6\CSharpLevel1Lesson1Task6.csproj", "{674A92AC-C822-47A9-993A-B01F7F5DD00D}"
EndProject
Global
	GlobalSection(SolutionConfigurationPlatforms) = preSolution
		Debug|Any CPU = Debug|Any CPU
		Release|Any CPU = Release|Any CPU
	EndGlobalSection
	GlobalSection(ProjectConfigurationPlatforms) = postSolution
		{9BF8375B-8AFA-4ABB-BCBB-C1D47444B348}.Debug|Any CPU.ActiveCfg = Debug|Any CPU
		{9BF8375B-8AFA-4ABB-BCBB-C1D47444B348}.Debug|Any CPU.Build.0 = Debug|Any CPU
		{9BF8375B-8AFA-4ABB-BCBB-C1D47444B348}.Release|Any CPU.ActiveCfg = Release|Any CPU
		{9BF8375B-8AFA-4ABB-BCBB-C1D47444B348}.Release|Any CPU.Build.0 = Release|Any CPU
		{048741C1-810B-416C-9B8E-9887B196145F}.Debug|Any CPU.ActiveCfg = Debug|Any CPU
		{048741C1-810B-416C-9B8E-9887B196145F}.Debug|Any CPU.Build.0 = Debug|Any CPU
		{048741C1-810B-416C-9B8E-9887B196145F}.Release|Any CPU.ActiveCfg = Release|Any CPU
		{048741C1-810B-416C-9B8E-9887B196145F}.Release|Any CPU.Build.0 = Release|Any CPU
		{10AC7CE6-19E9-4AF4-ADB4-9254A998EA89}.Debug|Any CPU.ActiveCfg = Debug|Any CPU
		{10AC7CE6-19E9-4AF4-ADB4-9254A998EA89}.Debug|Any CPU.Build.0 = Debug|Any CPU
		{10AC7CE6-19E9-4AF4-ADB4-9254A998EA89}.Release|Any CPU.ActiveCfg = Release|Any CPU
		{10AC7CE6-19E9-4AF4-ADB4-9254A998EA89}.Release|Any CPU.Build.0 = Release|Any CPU
		{0D9B2412-0F46-4C75-A59B-2C6041BAB645}.Debug|Any CPU.ActiveCfg = Debug|Any CPU
		{0D9B2412-0F46-4C75-A59B-2C6041BAB645}.Debug|Any CPU.Build.0 = Debug|Any CPU
		{0D9B2412-0F46-4C75-A59B-2C6041BAB645}.Release|Any CPU.ActiveCfg = Release|Any CPU
		{0D9B2412-0F46-4C75-A59B-2C6041BAB645}.Release|Any CPU.Build.0 = Release|Any CPU
		{15DBBF23-B1BB-48B7-B9CA-6F6872955E96}.Debug|Any CPU.ActiveCfg = Debug|Any CPU
		{15DBBF23-B1BB-48B7-B9CA-6F6872955E96}.Debug|Any CPU.Build.0 = Debug|Any CPU
		{15DBBF23-B1BB-48B7-B9CA-6F6872955E96}.Release|Any CPU.ActiveCfg = Release|Any CPU
		{15DBBF23-B1BB-48B7-B9CA-6F6872955E96}.Release|Any CPU.Build.0 = Release|Any CPU
		{674A92AC-C822-47A9-993A-B01F7F5DD00D}.Debug|Any CPU.ActiveCfg = Debug|Any CPU
		{674A92AC-C822-47A9-993A-B01F7F5DD00D}.Debug|Any CPU.Build.0 = Debug|Any CPU
		{674A92AC-C822-47A9-993A-B01F7F5DD00D}.Release|Any CPU.ActiveCfg = Release|Any CPU
		{674A92AC-C822-47A9-993A-B01F7F5DD00D}.Release|Any CPU.Build.0 = Release|Any CPU
	EndGlobalSection
	GlobalSection(SolutionProperties) = preSolution
		HideSolutionNode = FALSE
	EndGlobalSection
EndGlobal
