
Microsoft Visual Studio Solution File, Format Version 12.00
# Visual Studio 14
VisualStudioVersion = 14.0.25420.1
MinimumVisualStudioVersion = 10.0.40219.1
Project("{FAE04EC0-301F-11D3-BF4B-00C04F79EFBC}") = "CSharpLevel1Lesson3Task1", "CSharpLevel1Lesson3Task1\CSharpLevel1Lesson3Task1.csproj", "{E0241740-8E2A-4A5A-8C82-8AC46E6E5C8E}"
EndProject
Project("{FAE04EC0-301F-11D3-BF4B-00C04F79EFBC}") = "CSharpLevel1Lesson3Task2", "CSharpLevel1Lesson3Task2\CSharpLevel1Lesson3Task2.csproj", "{D6808E2C-7A64-4086-A3D1-09F7747C35B9}"
EndProject
Project("{FAE04EC0-301F-11D3-BF4B-00C04F79EFBC}") = "CSharpLevel1Lesson3Task3", "CSharpLevel1Lesson3Task3\CSharpLevel1Lesson3Task3.csproj", "{E453CAA1-AF1C-469A-9A2D-2E6DA4012791}"
EndProject
Global
	GlobalSection(SolutionConfigurationPlatforms) = preSolution
		Debug|Any CPU = Debug|Any CPU
		Release|Any CPU = Release|Any CPU
	EndGlobalSection
	GlobalSection(ProjectConfigurationPlatforms) = postSolution
		{E0241740-8E2A-4A5A-8C82-8AC46E6E5C8E}.Debug|Any CPU.ActiveCfg = Debug|Any CPU
		{E0241740-8E2A-4A5A-8C82-8AC46E6E5C8E}.Debug|Any CPU.Build.0 = Debug|Any CPU
		{E0241740-8E2A-4A5A-8C82-8AC46E6E5C8E}.Release|Any CPU.ActiveCfg = Release|Any CPU
		{E0241740-8E2A-4A5A-8C82-8AC46E6E5C8E}.Release|Any CPU.Build.0 = Release|Any CPU
		{D6808E2C-7A64-4086-A3D1-09F7747C35B9}.Debug|Any CPU.ActiveCfg = Debug|Any CPU
		{D6808E2C-7A64-4086-A3D1-09F7747C35B9}.Debug|Any CPU.Build.0 = Debug|Any CPU
		{D6808E2C-7A64-4086-A3D1-09F7747C35B9}.Release|Any CPU.ActiveCfg = Release|Any CPU
		{D6808E2C-7A64-4086-A3D1-09F7747C35B9}.Release|Any CPU.Build.0 = Release|Any CPU
		{E453CAA1-AF1C-469A-9A2D-2E6DA4012791}.Debug|Any CPU.ActiveCfg = Debug|Any CPU
		{E453CAA1-AF1C-469A-9A2D-2E6DA4012791}.Debug|Any CPU.Build.0 = Debug|Any CPU
		{E453CAA1-AF1C-469A-9A2D-2E6DA4012791}.Release|Any CPU.ActiveCfg = Release|Any CPU
		{E453CAA1-AF1C-469A-9A2D-2E6DA4012791}.Release|Any CPU.Build.0 = Release|Any CPU
	EndGlobalSection
	GlobalSection(SolutionProperties) = preSolution
		HideSolutionNode = FALSE
	EndGlobalSection
EndGlobal
