
Microsoft Visual Studio Solution File, Format Version 12.00
# Visual Studio 14
VisualStudioVersion = 14.0.25420.1
MinimumVisualStudioVersion = 10.0.40219.1
Project("{FAE04EC0-301F-11D3-BF4B-00C04F79EFBC}") = "CSharpLevel1Lesson6Task1", "CSharpLevel1Lesson6Task1\CSharpLevel1Lesson6Task1.csproj", "{40FFF420-CF1D-40D8-A884-6C3CFC732D5D}"
EndProject
Project("{FAE04EC0-301F-11D3-BF4B-00C04F79EFBC}") = "CSharpLevel1Lesson6Task2", "CSharpLevel1Lesson6Task2\CSharpLevel1Lesson6Task2.csproj", "{BC0C2C2F-0CBC-445A-88A7-9AD078E763BD}"
EndProject
Project("{FAE04EC0-301F-11D3-BF4B-00C04F79EFBC}") = "CSharpLevel1Lesson6Task3", "CSharpLevel1Lesson6Task3\CSharpLevel1Lesson6Task3.csproj", "{06C4F3B9-3455-4C8C-9DA4-078A67DBC858}"
EndProject
Global
	GlobalSection(SolutionConfigurationPlatforms) = preSolution
		Debug|Any CPU = Debug|Any CPU
		Release|Any CPU = Release|Any CPU
	EndGlobalSection
	GlobalSection(ProjectConfigurationPlatforms) = postSolution
		{40FFF420-CF1D-40D8-A884-6C3CFC732D5D}.Debug|Any CPU.ActiveCfg = Debug|Any CPU
		{40FFF420-CF1D-40D8-A884-6C3CFC732D5D}.Debug|Any CPU.Build.0 = Debug|Any CPU
		{40FFF420-CF1D-40D8-A884-6C3CFC732D5D}.Release|Any CPU.ActiveCfg = Release|Any CPU
		{40FFF420-CF1D-40D8-A884-6C3CFC732D5D}.Release|Any CPU.Build.0 = Release|Any CPU
		{BC0C2C2F-0CBC-445A-88A7-9AD078E763BD}.Debug|Any CPU.ActiveCfg = Debug|Any CPU
		{BC0C2C2F-0CBC-445A-88A7-9AD078E763BD}.Debug|Any CPU.Build.0 = Debug|Any CPU
		{BC0C2C2F-0CBC-445A-88A7-9AD078E763BD}.Release|Any CPU.ActiveCfg = Release|Any CPU
		{BC0C2C2F-0CBC-445A-88A7-9AD078E763BD}.Release|Any CPU.Build.0 = Release|Any CPU
		{06C4F3B9-3455-4C8C-9DA4-078A67DBC858}.Debug|Any CPU.ActiveCfg = Debug|Any CPU
		{06C4F3B9-3455-4C8C-9DA4-078A67DBC858}.Debug|Any CPU.Build.0 = Debug|Any CPU
		{06C4F3B9-3455-4C8C-9DA4-078A67DBC858}.Release|Any CPU.ActiveCfg = Release|Any CPU
		{06C4F3B9-3455-4C8C-9DA4-078A67DBC858}.Release|Any CPU.Build.0 = Release|Any CPU
	EndGlobalSection
	GlobalSection(SolutionProperties) = preSolution
		HideSolutionNode = FALSE
	EndGlobalSection
EndGlobal
